
Microsoft Visual Studio Solution File, Format Version 12.00
# Visual Studio Version 17
VisualStudioVersion = 17.9.34728.123
MinimumVisualStudioVersion = 10.0.40219.1
Project("{FAE04EC0-301F-11D3-BF4B-00C04F79EFBC}") = "SmartParking", "SmartParking\SmartParking.csproj", "{24040C30-87F4-49EE-9A0C-59A26A9A4F41}"
EndProject
Project("{2150E333-8FDC-42A3-9474-1A3956D46DE8}") = "Solution Items", "Solution Items", "{FBB9352F-1980-46A1-8F5B-494E3F793524}"
	ProjectSection(SolutionItems) = preProject
		Database.sql = Database.sql
	EndProjectSection
EndProject
Global
	GlobalSection(SolutionConfigurationPlatforms) = preSolution
		Debug|Any CPU = Debug|Any CPU
		Release|Any CPU = Release|Any CPU
	EndGlobalSection
	GlobalSection(ProjectConfigurationPlatforms) = postSolution
		{24040C30-87F4-49EE-9A0C-59A26A9A4F41}.Debug|Any CPU.ActiveCfg = Debug|Any CPU
		{24040C30-87F4-49EE-9A0C-59A26A9A4F41}.Debug|Any CPU.Build.0 = Debug|Any CPU
		{24040C30-87F4-49EE-9A0C-59A26A9A4F41}.Release|Any CPU.ActiveCfg = Release|Any CPU
		{24040C30-87F4-49EE-9A0C-59A26A9A4F41}.Release|Any CPU.Build.0 = Release|Any CPU
	EndGlobalSection
	GlobalSection(SolutionProperties) = preSolution
		HideSolutionNode = FALSE
	EndGlobalSection
	GlobalSection(ExtensibilityGlobals) = postSolution
		SolutionGuid = {E21D45CA-789F-4424-8901-AC7AA6E71090}
	EndGlobalSection
EndGlobal
